
Microsoft Visual Studio Solution File, Format Version 12.00
# Visual Studio Version 16
VisualStudioVersion = 16.0.30523.141
MinimumVisualStudioVersion = 10.0.40219.1
Project("{FAE04EC0-301F-11D3-BF4B-00C04F79EFBC}") = "ProductAPI", "ProductAPI\ProductAPI.csproj", "{157B6321-9E04-4042-8F67-952464C1CBE3}"
EndProject
Global
	GlobalSection(SolutionConfigurationPlatforms) = preSolution
		Debug|Any CPU = Debug|Any CPU
		Release|Any CPU = Release|Any CPU
	EndGlobalSection
	GlobalSection(ProjectConfigurationPlatforms) = postSolution
		{157B6321-9E04-4042-8F67-952464C1CBE3}.Debug|Any CPU.ActiveCfg = Debug|Any CPU
		{157B6321-9E04-4042-8F67-952464C1CBE3}.Debug|Any CPU.Build.0 = Debug|Any CPU
		{157B6321-9E04-4042-8F67-952464C1CBE3}.Release|Any CPU.ActiveCfg = Release|Any CPU
		{157B6321-9E04-4042-8F67-952464C1CBE3}.Release|Any CPU.Build.0 = Release|Any CPU
	EndGlobalSection
	GlobalSection(SolutionProperties) = preSolution
		HideSolutionNode = FALSE
	EndGlobalSection
	GlobalSection(ExtensibilityGlobals) = postSolution
		SolutionGuid = {4937A354-BD39-4469-8EA4-DF3CE5BF5873}
	EndGlobalSection
EndGlobal
